
Microsoft Visual Studio Solution File, Format Version 12.00
# Visual Studio Version 17
VisualStudioVersion = 17.11.35327.3
MinimumVisualStudioVersion = 10.0.40219.1
Project("{8BC9CEB8-8B4A-11D0-8D11-00A0C91BC942}") = "ConsoleApplication36", "ConsoleApplication36\ConsoleApplication36.vcxproj", "{4DCF769E-F2B5-4B0A-A7A9-32695E245F4F}"
EndProject
Global
	GlobalSection(SolutionConfigurationPlatforms) = preSolution
		Debug|x64 = Debug|x64
		Debug|x86 = Debug|x86
		Release|x64 = Release|x64
		Release|x86 = Release|x86
	EndGlobalSection
	GlobalSection(ProjectConfigurationPlatforms) = postSolution
		{4DCF769E-F2B5-4B0A-A7A9-32695E245F4F}.Debug|x64.ActiveCfg = Debug|x64
		{4DCF769E-F2B5-4B0A-A7A9-32695E245F4F}.Debug|x64.Build.0 = Debug|x64
		{4DCF769E-F2B5-4B0A-A7A9-32695E245F4F}.Debug|x86.ActiveCfg = Debug|Win32
		{4DCF769E-F2B5-4B0A-A7A9-32695E245F4F}.Debug|x86.Build.0 = Debug|Win32
		{4DCF769E-F2B5-4B0A-A7A9-32695E245F4F}.Release|x64.ActiveCfg = Release|x64
		{4DCF769E-F2B5-4B0A-A7A9-32695E245F4F}.Release|x64.Build.0 = Release|x64
		{4DCF769E-F2B5-4B0A-A7A9-32695E245F4F}.Release|x86.ActiveCfg = Release|Win32
		{4DCF769E-F2B5-4B0A-A7A9-32695E245F4F}.Release|x86.Build.0 = Release|Win32
	EndGlobalSection
	GlobalSection(SolutionProperties) = preSolution
		HideSolutionNode = FALSE
	EndGlobalSection
	GlobalSection(ExtensibilityGlobals) = postSolution
		SolutionGuid = {BB0FF7A6-876D-437F-A167-0F7263AFF620}
	EndGlobalSection
EndGlobal
